
Microsoft Visual Studio Solution File, Format Version 12.00
# Visual Studio 15
VisualStudioVersion = 15.0.27428.1
MinimumVisualStudioVersion = 10.0.40219.1
Project("{2150E333-8FDC-42A3-9474-1A3956D46DE8}") = "Business", "Business", "{F1900485-11F8-4BD7-977D-EFFCBA0A9370}"
EndProject
Project("{2150E333-8FDC-42A3-9474-1A3956D46DE8}") = "Main", "Main", "{97CA4F62-075E-4848-A5A5-C9EE4E910EC6}"
EndProject
Project("{2150E333-8FDC-42A3-9474-1A3956D46DE8}") = "Wcf", "Wcf", "{C2801575-C2FB-454A-BA71-CC2D729B578F}"
EndProject
Project("{FAE04EC0-301F-11D3-BF4B-00C04F79EFBC}") = "Address.Business", "Address.Business\Address.Business.csproj", "{24D708B9-1478-48F4-83D8-17030A804AB7}"
EndProject
Project("{FAE04EC0-301F-11D3-BF4B-00C04F79EFBC}") = "Address.View", "Address.View\Address.View.csproj", "{B7407CFA-D4EF-460D-82D2-02AE69A79879}"
	ProjectSection(ProjectDependencies) = postProject
		{B662F27E-274C-47FB-AB39-9026B5FECC51} = {B662F27E-274C-47FB-AB39-9026B5FECC51}
	EndProjectSection
EndProject
Project("{FAE04EC0-301F-11D3-BF4B-00C04F79EFBC}") = "Address.Wcf", "Address.Wcf\Address.Wcf.csproj", "{B662F27E-274C-47FB-AB39-9026B5FECC51}"
EndProject
Global
	GlobalSection(SolutionConfigurationPlatforms) = preSolution
		Debug|Any CPU = Debug|Any CPU
		Release|Any CPU = Release|Any CPU
	EndGlobalSection
	GlobalSection(ProjectConfigurationPlatforms) = postSolution
		{24D708B9-1478-48F4-83D8-17030A804AB7}.Debug|Any CPU.ActiveCfg = Debug|Any CPU
		{24D708B9-1478-48F4-83D8-17030A804AB7}.Debug|Any CPU.Build.0 = Debug|Any CPU
		{24D708B9-1478-48F4-83D8-17030A804AB7}.Release|Any CPU.ActiveCfg = Release|Any CPU
		{24D708B9-1478-48F4-83D8-17030A804AB7}.Release|Any CPU.Build.0 = Release|Any CPU
		{B7407CFA-D4EF-460D-82D2-02AE69A79879}.Debug|Any CPU.ActiveCfg = Debug|Any CPU
		{B7407CFA-D4EF-460D-82D2-02AE69A79879}.Debug|Any CPU.Build.0 = Debug|Any CPU
		{B7407CFA-D4EF-460D-82D2-02AE69A79879}.Release|Any CPU.ActiveCfg = Release|Any CPU
		{B7407CFA-D4EF-460D-82D2-02AE69A79879}.Release|Any CPU.Build.0 = Release|Any CPU
		{B662F27E-274C-47FB-AB39-9026B5FECC51}.Debug|Any CPU.ActiveCfg = Debug|Any CPU
		{B662F27E-274C-47FB-AB39-9026B5FECC51}.Debug|Any CPU.Build.0 = Debug|Any CPU
		{B662F27E-274C-47FB-AB39-9026B5FECC51}.Release|Any CPU.ActiveCfg = Release|Any CPU
		{B662F27E-274C-47FB-AB39-9026B5FECC51}.Release|Any CPU.Build.0 = Release|Any CPU
	EndGlobalSection
	GlobalSection(SolutionProperties) = preSolution
		HideSolutionNode = FALSE
	EndGlobalSection
	GlobalSection(NestedProjects) = preSolution
		{24D708B9-1478-48F4-83D8-17030A804AB7} = {F1900485-11F8-4BD7-977D-EFFCBA0A9370}
		{B7407CFA-D4EF-460D-82D2-02AE69A79879} = {97CA4F62-075E-4848-A5A5-C9EE4E910EC6}
		{B662F27E-274C-47FB-AB39-9026B5FECC51} = {C2801575-C2FB-454A-BA71-CC2D729B578F}
	EndGlobalSection
	GlobalSection(ExtensibilityGlobals) = postSolution
		SolutionGuid = {5A9D322C-8345-49DA-A569-DBA49ADC0E7A}
	EndGlobalSection
EndGlobal
